// !$*UTF8*$!
{
	archiveVersion = 1;
	classes = {
	};
	objectVersion = 56;
	objects = {

/* Begin PBXBuildFile section */
		94F7E48D2C67BDD80012F2AD /* KarasuApp.swift in Sources */ = {isa = PBXBuildFile; fileRef = 94F7E48C2C67BDD80012F2AD /* KarasuApp.swift */; };
		94F7E48F2C67BDD80012F2AD /* ContentView.swift in Sources */ = {isa = PBXBuildFile; fileRef = 94F7E48E2C67BDD80012F2AD /* ContentView.swift */; };
		94F7E4912C67BDD80012F2AD /* Item.swift in Sources */ = {isa = PBXBuildFile; fileRef = 94F7E4902C67BDD80012F2AD /* Item.swift */; };
		94F7E4932C67BDDA0012F2AD /* Assets.xcassets in Resources */ = {isa = PBXBuildFile; fileRef = 94F7E4922C67BDDA0012F2AD /* Assets.xcassets */; };
		94F7E4962C67BDDA0012F2AD /* Preview Assets.xcassets in Resources */ = {isa = PBXBuildFile; fileRef = 94F7E4952C67BDDA0012F2AD /* Preview Assets.xcassets */; };
		94F7E4A02C67BDDA0012F2AD /* KarasuTests.swift in Sources */ = {isa = PBXBuildFile; fileRef = 94F7E49F2C67BDDA0012F2AD /* KarasuTests.swift */; };
		94F7E4AA2C67BDDA0012F2AD /* KarasuUITests.swift in Sources */ = {isa = PBXBuildFile; fileRef = 94F7E4A92C67BDDA0012F2AD /* KarasuUITests.swift */; };
		94F7E4AC2C67BDDA0012F2AD /* KarasuUITestsLaunchTests.swift in Sources */ = {isa = PBXBuildFile; fileRef = 94F7E4AB2C67BDDA0012F2AD /* KarasuUITestsLaunchTests.swift */; };
		94F7E4BA2C67C1840012F2AD /* Program.swift in Sources */ = {isa = PBXBuildFile; fileRef = 94F7E4B92C67C1840012F2AD /* Program.swift */; };
		94F7E4BC2C67C4D60012F2AD /* Block.swift in Sources */ = {isa = PBXBuildFile; fileRef = 94F7E4BB2C67C4D60012F2AD /* Block.swift */; };
		94F7E4BE2C67C56E0012F2AD /* AssociationModel.swift in Sources */ = {isa = PBXBuildFile; fileRef = 94F7E4BD2C67C56E0012F2AD /* AssociationModel.swift */; };
		94F7E4C02C67C9960012F2AD /* Workout.swift in Sources */ = {isa = PBXBuildFile; fileRef = 94F7E4BF2C67C9960012F2AD /* Workout.swift */; };
		94F7E4C22C67CA710012F2AD /* Set.swift in Sources */ = {isa = PBXBuildFile; fileRef = 94F7E4C12C67CA710012F2AD /* Set.swift */; };
		94F7E4C42C67D4F20012F2AD /* Exercise.swift in Sources */ = {isa = PBXBuildFile; fileRef = 94F7E4C32C67D4F20012F2AD /* Exercise.swift */; };
/* End PBXBuildFile section */

/* Begin PBXContainerItemProxy section */
		94F7E49C2C67BDDA0012F2AD /* PBXContainerItemProxy */ = {
			isa = PBXContainerItemProxy;
			containerPortal = 94F7E4812C67BDD80012F2AD /* Project object */;
			proxyType = 1;
			remoteGlobalIDString = 94F7E4882C67BDD80012F2AD;
			remoteInfo = Karasu;
		};
		94F7E4A62C67BDDA0012F2AD /* PBXContainerItemProxy */ = {
			isa = PBXContainerItemProxy;
			containerPortal = 94F7E4812C67BDD80012F2AD /* Project object */;
			proxyType = 1;
			remoteGlobalIDString = 94F7E4882C67BDD80012F2AD;
			remoteInfo = Karasu;
		};
/* End PBXContainerItemProxy section */

/* Begin PBXFileReference section */
		94F7E4892C67BDD80012F2AD /* Karasu.app */ = {isa = PBXFileReference; explicitFileType = wrapper.application; includeInIndex = 0; path = Karasu.app; sourceTree = BUILT_PRODUCTS_DIR; };
		94F7E48C2C67BDD80012F2AD /* KarasuApp.swift */ = {isa = PBXFileReference; lastKnownFileType = sourcecode.swift; path = KarasuApp.swift; sourceTree = "<group>"; };
		94F7E48E2C67BDD80012F2AD /* ContentView.swift */ = {isa = PBXFileReference; lastKnownFileType = sourcecode.swift; path = ContentView.swift; sourceTree = "<group>"; };
		94F7E4902C67BDD80012F2AD /* Item.swift */ = {isa = PBXFileReference; lastKnownFileType = sourcecode.swift; path = Item.swift; sourceTree = "<group>"; };
		94F7E4922C67BDDA0012F2AD /* Assets.xcassets */ = {isa = PBXFileReference; lastKnownFileType = folder.assetcatalog; path = Assets.xcassets; sourceTree = "<group>"; };
		94F7E4952C67BDDA0012F2AD /* Preview Assets.xcassets */ = {isa = PBXFileReference; lastKnownFileType = folder.assetcatalog; path = "Preview Assets.xcassets"; sourceTree = "<group>"; };
		94F7E49B2C67BDDA0012F2AD /* KarasuTests.xctest */ = {isa = PBXFileReference; explicitFileType = wrapper.cfbundle; includeInIndex = 0; path = KarasuTests.xctest; sourceTree = BUILT_PRODUCTS_DIR; };
		94F7E49F2C67BDDA0012F2AD /* KarasuTests.swift */ = {isa = PBXFileReference; lastKnownFileType = sourcecode.swift; path = KarasuTests.swift; sourceTree = "<group>"; };
		94F7E4A52C67BDDA0012F2AD /* KarasuUITests.xctest */ = {isa = PBXFileReference; explicitFileType = wrapper.cfbundle; includeInIndex = 0; path = KarasuUITests.xctest; sourceTree = BUILT_PRODUCTS_DIR; };
		94F7E4A92C67BDDA0012F2AD /* KarasuUITests.swift */ = {isa = PBXFileReference; lastKnownFileType = sourcecode.swift; path = KarasuUITests.swift; sourceTree = "<group>"; };
		94F7E4AB2C67BDDA0012F2AD /* KarasuUITestsLaunchTests.swift */ = {isa = PBXFileReference; lastKnownFileType = sourcecode.swift; path = KarasuUITestsLaunchTests.swift; sourceTree = "<group>"; };
		94F7E4B92C67C1840012F2AD /* Program.swift */ = {isa = PBXFileReference; lastKnownFileType = sourcecode.swift; path = Program.swift; sourceTree = "<group>"; };
		94F7E4BB2C67C4D60012F2AD /* Block.swift */ = {isa = PBXFileReference; lastKnownFileType = sourcecode.swift; path = Block.swift; sourceTree = "<group>"; };
		94F7E4BD2C67C56E0012F2AD /* AssociationModel.swift */ = {isa = PBXFileReference; lastKnownFileType = sourcecode.swift; path = AssociationModel.swift; sourceTree = "<group>"; };
		94F7E4BF2C67C9960012F2AD /* Workout.swift */ = {isa = PBXFileReference; lastKnownFileType = sourcecode.swift; path = Workout.swift; sourceTree = "<group>"; };
		94F7E4C12C67CA710012F2AD /* Set.swift */ = {isa = PBXFileReference; lastKnownFileType = sourcecode.swift; path = Set.swift; sourceTree = "<group>"; };
		94F7E4C32C67D4F20012F2AD /* Exercise.swift */ = {isa = PBXFileReference; lastKnownFileType = sourcecode.swift; path = Exercise.swift; sourceTree = "<group>"; };
/* End PBXFileReference section */

/* Begin PBXFrameworksBuildPhase section */
		94F7E4862C67BDD80012F2AD /* Frameworks */ = {
			isa = PBXFrameworksBuildPhase;
			buildActionMask = 2147483647;
			files = (
			);
			runOnlyForDeploymentPostprocessing = 0;
		};
		94F7E4982C67BDDA0012F2AD /* Frameworks */ = {
			isa = PBXFrameworksBuildPhase;
			buildActionMask = 2147483647;
			files = (
			);
			runOnlyForDeploymentPostprocessing = 0;
		};
		94F7E4A22C67BDDA0012F2AD /* Frameworks */ = {
			isa = PBXFrameworksBuildPhase;
			buildActionMask = 2147483647;
			files = (
			);
			runOnlyForDeploymentPostprocessing = 0;
		};
/* End PBXFrameworksBuildPhase section */

/* Begin PBXGroup section */
		94F7E4802C67BDD80012F2AD = {
			isa = PBXGroup;
			children = (
				94F7E48B2C67BDD80012F2AD /* Karasu */,
				94F7E49E2C67BDDA0012F2AD /* KarasuTests */,
				94F7E4A82C67BDDA0012F2AD /* KarasuUITests */,
				94F7E48A2C67BDD80012F2AD /* Products */,
			);
			sourceTree = "<group>";
		};
		94F7E48A2C67BDD80012F2AD /* Products */ = {
			isa = PBXGroup;
			children = (
				94F7E4892C67BDD80012F2AD /* Karasu.app */,
				94F7E49B2C67BDDA0012F2AD /* KarasuTests.xctest */,
				94F7E4A52C67BDDA0012F2AD /* KarasuUITests.xctest */,
			);
			name = Products;
			sourceTree = "<group>";
		};
		94F7E48B2C67BDD80012F2AD /* Karasu */ = {
			isa = PBXGroup;
			children = (
				94F7E4B82C67C1670012F2AD /* Models */,
				94F7E48C2C67BDD80012F2AD /* KarasuApp.swift */,
				94F7E48E2C67BDD80012F2AD /* ContentView.swift */,
				94F7E4902C67BDD80012F2AD /* Item.swift */,
				94F7E4922C67BDDA0012F2AD /* Assets.xcassets */,
				94F7E4942C67BDDA0012F2AD /* Preview Content */,
			);
			path = Karasu;
			sourceTree = "<group>";
		};
		94F7E4942C67BDDA0012F2AD /* Preview Content */ = {
			isa = PBXGroup;
			children = (
				94F7E4952C67BDDA0012F2AD /* Preview Assets.xcassets */,
			);
			path = "Preview Content";
			sourceTree = "<group>";
		};
		94F7E49E2C67BDDA0012F2AD /* KarasuTests */ = {
			isa = PBXGroup;
			children = (
				94F7E49F2C67BDDA0012F2AD /* KarasuTests.swift */,
			);
			path = KarasuTests;
			sourceTree = "<group>";
		};
		94F7E4A82C67BDDA0012F2AD /* KarasuUITests */ = {
			isa = PBXGroup;
			children = (
				94F7E4A92C67BDDA0012F2AD /* KarasuUITests.swift */,
				94F7E4AB2C67BDDA0012F2AD /* KarasuUITestsLaunchTests.swift */,
			);
			path = KarasuUITests;
			sourceTree = "<group>";
		};
		94F7E4B82C67C1670012F2AD /* Models */ = {
			isa = PBXGroup;
			children = (
				94F7E4B92C67C1840012F2AD /* Program.swift */,
				94F7E4BB2C67C4D60012F2AD /* Block.swift */,
				94F7E4BD2C67C56E0012F2AD /* AssociationModel.swift */,
				94F7E4BF2C67C9960012F2AD /* Workout.swift */,
				94F7E4C12C67CA710012F2AD /* Set.swift */,
				94F7E4C32C67D4F20012F2AD /* Exercise.swift */,
			);
			path = Models;
			sourceTree = "<group>";
		};
/* End PBXGroup section */

/* Begin PBXNativeTarget section */
		94F7E4882C67BDD80012F2AD /* Karasu */ = {
			isa = PBXNativeTarget;
			buildConfigurationList = 94F7E4AF2C67BDDA0012F2AD /* Build configuration list for PBXNativeTarget "Karasu" */;
			buildPhases = (
				94F7E4852C67BDD80012F2AD /* Sources */,
				94F7E4862C67BDD80012F2AD /* Frameworks */,
				94F7E4872C67BDD80012F2AD /* Resources */,
			);
			buildRules = (
			);
			dependencies = (
			);
			name = Karasu;
			productName = Karasu;
			productReference = 94F7E4892C67BDD80012F2AD /* Karasu.app */;
			productType = "com.apple.product-type.application";
		};
		94F7E49A2C67BDDA0012F2AD /* KarasuTests */ = {
			isa = PBXNativeTarget;
			buildConfigurationList = 94F7E4B22C67BDDA0012F2AD /* Build configuration list for PBXNativeTarget "KarasuTests" */;
			buildPhases = (
				94F7E4972C67BDDA0012F2AD /* Sources */,
				94F7E4982C67BDDA0012F2AD /* Frameworks */,
				94F7E4992C67BDDA0012F2AD /* Resources */,
			);
			buildRules = (
			);
			dependencies = (
				94F7E49D2C67BDDA0012F2AD /* PBXTargetDependency */,
			);
			name = KarasuTests;
			productName = KarasuTests;
			productReference = 94F7E49B2C67BDDA0012F2AD /* KarasuTests.xctest */;
			productType = "com.apple.product-type.bundle.unit-test";
		};
		94F7E4A42C67BDDA0012F2AD /* KarasuUITests */ = {
			isa = PBXNativeTarget;
			buildConfigurationList = 94F7E4B52C67BDDA0012F2AD /* Build configuration list for PBXNativeTarget "KarasuUITests" */;
			buildPhases = (
				94F7E4A12C67BDDA0012F2AD /* Sources */,
				94F7E4A22C67BDDA0012F2AD /* Frameworks */,
				94F7E4A32C67BDDA0012F2AD /* Resources */,
			);
			buildRules = (
			);
			dependencies = (
				94F7E4A72C67BDDA0012F2AD /* PBXTargetDependency */,
			);
			name = KarasuUITests;
			productName = KarasuUITests;
			productReference = 94F7E4A52C67BDDA0012F2AD /* KarasuUITests.xctest */;
			productType = "com.apple.product-type.bundle.ui-testing";
		};
/* End PBXNativeTarget section */

/* Begin PBXProject section */
		94F7E4812C67BDD80012F2AD /* Project object */ = {
			isa = PBXProject;
			attributes = {
				BuildIndependentTargetsInParallel = 1;
				LastSwiftUpdateCheck = 1540;
				LastUpgradeCheck = 1540;
				TargetAttributes = {
					94F7E4882C67BDD80012F2AD = {
						CreatedOnToolsVersion = 15.4;
					};
					94F7E49A2C67BDDA0012F2AD = {
						CreatedOnToolsVersion = 15.4;
						TestTargetID = 94F7E4882C67BDD80012F2AD;
					};
					94F7E4A42C67BDDA0012F2AD = {
						CreatedOnToolsVersion = 15.4;
						TestTargetID = 94F7E4882C67BDD80012F2AD;
					};
				};
			};
			buildConfigurationList = 94F7E4842C67BDD80012F2AD /* Build configuration list for PBXProject "Karasu" */;
			compatibilityVersion = "Xcode 14.0";
			developmentRegion = en;
			hasScannedForEncodings = 0;
			knownRegions = (
				en,
				Base,
			);
			mainGroup = 94F7E4802C67BDD80012F2AD;
			productRefGroup = 94F7E48A2C67BDD80012F2AD /* Products */;
			projectDirPath = "";
			projectRoot = "";
			targets = (
				94F7E4882C67BDD80012F2AD /* Karasu */,
				94F7E49A2C67BDDA0012F2AD /* KarasuTests */,
				94F7E4A42C67BDDA0012F2AD /* KarasuUITests */,
			);
		};
/* End PBXProject section */

/* Begin PBXResourcesBuildPhase section */
		94F7E4872C67BDD80012F2AD /* Resources */ = {
			isa = PBXResourcesBuildPhase;
			buildActionMask = 2147483647;
			files = (
				94F7E4962C67BDDA0012F2AD /* Preview Assets.xcassets in Resources */,
				94F7E4932C67BDDA0012F2AD /* Assets.xcassets in Resources */,
			);
			runOnlyForDeploymentPostprocessing = 0;
		};
		94F7E4992C67BDDA0012F2AD /* Resources */ = {
			isa = PBXResourcesBuildPhase;
			buildActionMask = 2147483647;
			files = (
			);
			runOnlyForDeploymentPostprocessing = 0;
		};
		94F7E4A32C67BDDA0012F2AD /* Resources */ = {
			isa = PBXResourcesBuildPhase;
			buildActionMask = 2147483647;
			files = (
			);
			runOnlyForDeploymentPostprocessing = 0;
		};
/* End PBXResourcesBuildPhase section */

/* Begin PBXSourcesBuildPhase section */
		94F7E4852C67BDD80012F2AD /* Sources */ = {
			isa = PBXSourcesBuildPhase;
			buildActionMask = 2147483647;
			files = (
				94F7E4C22C67CA710012F2AD /* Set.swift in Sources */,
				94F7E4BA2C67C1840012F2AD /* Program.swift in Sources */,
				94F7E48F2C67BDD80012F2AD /* ContentView.swift in Sources */,
				94F7E4C02C67C9960012F2AD /* Workout.swift in Sources */,
				94F7E4BC2C67C4D60012F2AD /* Block.swift in Sources */,
				94F7E4BE2C67C56E0012F2AD /* AssociationModel.swift in Sources */,
				94F7E4912C67BDD80012F2AD /* Item.swift in Sources */,
				94F7E48D2C67BDD80012F2AD /* KarasuApp.swift in Sources */,
				94F7E4C42C67D4F20012F2AD /* Exercise.swift in Sources */,
			);
			runOnlyForDeploymentPostprocessing = 0;
		};
		94F7E4972C67BDDA0012F2AD /* Sources */ = {
			isa = PBXSourcesBuildPhase;
			buildActionMask = 2147483647;
			files = (
				94F7E4A02C67BDDA0012F2AD /* KarasuTests.swift in Sources */,
			);
			runOnlyForDeploymentPostprocessing = 0;
		};
		94F7E4A12C67BDDA0012F2AD /* Sources */ = {
			isa = PBXSourcesBuildPhase;
			buildActionMask = 2147483647;
			files = (
				94F7E4AA2C67BDDA0012F2AD /* KarasuUITests.swift in Sources */,
				94F7E4AC2C67BDDA0012F2AD /* KarasuUITestsLaunchTests.swift in Sources */,
			);
			runOnlyForDeploymentPostprocessing = 0;
		};
/* End PBXSourcesBuildPhase section */

/* Begin PBXTargetDependency section */
		94F7E49D2C67BDDA0012F2AD /* PBXTargetDependency */ = {
			isa = PBXTargetDependency;
			target = 94F7E4882C67BDD80012F2AD /* Karasu */;
			targetProxy = 94F7E49C2C67BDDA0012F2AD /* PBXContainerItemProxy */;
		};
		94F7E4A72C67BDDA0012F2AD /* PBXTargetDependency */ = {
			isa = PBXTargetDependency;
			target = 94F7E4882C67BDD80012F2AD /* Karasu */;
			targetProxy = 94F7E4A62C67BDDA0012F2AD /* PBXContainerItemProxy */;
		};
/* End PBXTargetDependency section */

/* Begin XCBuildConfiguration section */
		94F7E4AD2C67BDDA0012F2AD /* Debug */ = {
			isa = XCBuildConfiguration;
			buildSettings = {
				ALWAYS_SEARCH_USER_PATHS = NO;
				ASSETCATALOG_COMPILER_GENERATE_SWIFT_ASSET_SYMBOL_EXTENSIONS = YES;
				CLANG_ANALYZER_NONNULL = YES;
				CLANG_ANALYZER_NUMBER_OBJECT_CONVERSION = YES_AGGRESSIVE;
				CLANG_CXX_LANGUAGE_STANDARD = "gnu++20";
				CLANG_ENABLE_MODULES = YES;
				CLANG_ENABLE_OBJC_ARC = YES;
				CLANG_ENABLE_OBJC_WEAK = YES;
				CLANG_WARN_BLOCK_CAPTURE_AUTORELEASING = YES;
				CLANG_WARN_BOOL_CONVERSION = YES;
				CLANG_WARN_COMMA = YES;
				CLANG_WARN_CONSTANT_CONVERSION = YES;
				CLANG_WARN_DEPRECATED_OBJC_IMPLEMENTATIONS = YES;
				CLANG_WARN_DIRECT_OBJC_ISA_USAGE = YES_ERROR;
				CLANG_WARN_DOCUMENTATION_COMMENTS = YES;
				CLANG_WARN_EMPTY_BODY = YES;
				CLANG_WARN_ENUM_CONVERSION = YES;
				CLANG_WARN_INFINITE_RECURSION = YES;
				CLANG_WARN_INT_CONVERSION = YES;
				CLANG_WARN_NON_LITERAL_NULL_CONVERSION = YES;
				CLANG_WARN_OBJC_IMPLICIT_RETAIN_SELF = YES;
				CLANG_WARN_OBJC_LITERAL_CONVERSION = YES;
				CLANG_WARN_OBJC_ROOT_CLASS = YES_ERROR;
				CLANG_WARN_QUOTED_INCLUDE_IN_FRAMEWORK_HEADER = YES;
				CLANG_WARN_RANGE_LOOP_ANALYSIS = YES;
				CLANG_WARN_STRICT_PROTOTYPES = YES;
				CLANG_WARN_SUSPICIOUS_MOVE = YES;
				CLANG_WARN_UNGUARDED_AVAILABILITY = YES_AGGRESSIVE;
				CLANG_WARN_UNREACHABLE_CODE = YES;
				CLANG_WARN__DUPLICATE_METHOD_MATCH = YES;
				COPY_PHASE_STRIP = NO;
				DEBUG_INFORMATION_FORMAT = dwarf;
				ENABLE_STRICT_OBJC_MSGSEND = YES;
				ENABLE_TESTABILITY = YES;
				ENABLE_USER_SCRIPT_SANDBOXING = YES;
				GCC_C_LANGUAGE_STANDARD = gnu17;
				GCC_DYNAMIC_NO_PIC = NO;
				GCC_NO_COMMON_BLOCKS = YES;
				GCC_OPTIMIZATION_LEVEL = 0;
				GCC_PREPROCESSOR_DEFINITIONS = (
					"DEBUG=1",
					"$(inherited)",
				);
				GCC_WARN_64_TO_32_BIT_CONVERSION = YES;
				GCC_WARN_ABOUT_RETURN_TYPE = YES_ERROR;
				GCC_WARN_UNDECLARED_SELECTOR = YES;
				GCC_WARN_UNINITIALIZED_AUTOS = YES_AGGRESSIVE;
				GCC_WARN_UNUSED_FUNCTION = YES;
				GCC_WARN_UNUSED_VARIABLE = YES;
				IPHONEOS_DEPLOYMENT_TARGET = 17.5;
				LOCALIZATION_PREFERS_STRING_CATALOGS = YES;
				MTL_ENABLE_DEBUG_INFO = INCLUDE_SOURCE;
				MTL_FAST_MATH = YES;
				ONLY_ACTIVE_ARCH = YES;
				SDKROOT = iphoneos;
				SWIFT_ACTIVE_COMPILATION_CONDITIONS = "DEBUG $(inherited)";
				SWIFT_OPTIMIZATION_LEVEL = "-Onone";
			};
			name = Debug;
		};
		94F7E4AE2C67BDDA0012F2AD /* Release */ = {
			isa = XCBuildConfiguration;
			buildSettings = {
				ALWAYS_SEARCH_USER_PATHS = NO;
				ASSETCATALOG_COMPILER_GENERATE_SWIFT_ASSET_SYMBOL_EXTENSIONS = YES;
				CLANG_ANALYZER_NONNULL = YES;
				CLANG_ANALYZER_NUMBER_OBJECT_CONVERSION = YES_AGGRESSIVE;
				CLANG_CXX_LANGUAGE_STANDARD = "gnu++20";
				CLANG_ENABLE_MODULES = YES;
				CLANG_ENABLE_OBJC_ARC = YES;
				CLANG_ENABLE_OBJC_WEAK = YES;
				CLANG_WARN_BLOCK_CAPTURE_AUTORELEASING = YES;
				CLANG_WARN_BOOL_CONVERSION = YES;
				CLANG_WARN_COMMA = YES;
				CLANG_WARN_CONSTANT_CONVERSION = YES;
				CLANG_WARN_DEPRECATED_OBJC_IMPLEMENTATIONS = YES;
				CLANG_WARN_DIRECT_OBJC_ISA_USAGE = YES_ERROR;
				CLANG_WARN_DOCUMENTATION_COMMENTS = YES;
				CLANG_WARN_EMPTY_BODY = YES;
				CLANG_WARN_ENUM_CONVERSION = YES;
				CLANG_WARN_INFINITE_RECURSION = YES;
				CLANG_WARN_INT_CONVERSION = YES;
				CLANG_WARN_NON_LITERAL_NULL_CONVERSION = YES;
				CLANG_WARN_OBJC_IMPLICIT_RETAIN_SELF = YES;
				CLANG_WARN_OBJC_LITERAL_CONVERSION = YES;
				CLANG_WARN_OBJC_ROOT_CLASS = YES_ERROR;
				CLANG_WARN_QUOTED_INCLUDE_IN_FRAMEWORK_HEADER = YES;
				CLANG_WARN_RANGE_LOOP_ANALYSIS = YES;
				CLANG_WARN_STRICT_PROTOTYPES = YES;
				CLANG_WARN_SUSPICIOUS_MOVE = YES;
				CLANG_WARN_UNGUARDED_AVAILABILITY = YES_AGGRESSIVE;
				CLANG_WARN_UNREACHABLE_CODE = YES;
				CLANG_WARN__DUPLICATE_METHOD_MATCH = YES;
				COPY_PHASE_STRIP = NO;
				DEBUG_INFORMATION_FORMAT = "dwarf-with-dsym";
				ENABLE_NS_ASSERTIONS = NO;
				ENABLE_STRICT_OBJC_MSGSEND = YES;
				ENABLE_USER_SCRIPT_SANDBOXING = YES;
				GCC_C_LANGUAGE_STANDARD = gnu17;
				GCC_NO_COMMON_BLOCKS = YES;
				GCC_WARN_64_TO_32_BIT_CONVERSION = YES;
				GCC_WARN_ABOUT_RETURN_TYPE = YES_ERROR;
				GCC_WARN_UNDECLARED_SELECTOR = YES;
				GCC_WARN_UNINITIALIZED_AUTOS = YES_AGGRESSIVE;
				GCC_WARN_UNUSED_FUNCTION = YES;
				GCC_WARN_UNUSED_VARIABLE = YES;
				IPHONEOS_DEPLOYMENT_TARGET = 17.5;
				LOCALIZATION_PREFERS_STRING_CATALOGS = YES;
				MTL_ENABLE_DEBUG_INFO = NO;
				MTL_FAST_MATH = YES;
				SDKROOT = iphoneos;
				SWIFT_COMPILATION_MODE = wholemodule;
				VALIDATE_PRODUCT = YES;
			};
			name = Release;
		};
		94F7E4B02C67BDDA0012F2AD /* Debug */ = {
			isa = XCBuildConfiguration;
			buildSettings = {
				ASSETCATALOG_COMPILER_APPICON_NAME = AppIcon;
				ASSETCATALOG_COMPILER_GLOBAL_ACCENT_COLOR_NAME = AccentColor;
				CODE_SIGN_STYLE = Automatic;
				CURRENT_PROJECT_VERSION = 1;
				DEVELOPMENT_ASSET_PATHS = "\"Karasu/Preview Content\"";
				ENABLE_PREVIEWS = YES;
				GENERATE_INFOPLIST_FILE = YES;
				INFOPLIST_KEY_UIApplicationSceneManifest_Generation = YES;
				INFOPLIST_KEY_UIApplicationSupportsIndirectInputEvents = YES;
				INFOPLIST_KEY_UILaunchScreen_Generation = YES;
				INFOPLIST_KEY_UISupportedInterfaceOrientations_iPad = "UIInterfaceOrientationPortrait UIInterfaceOrientationPortraitUpsideDown UIInterfaceOrientationLandscapeLeft UIInterfaceOrientationLandscapeRight";
				INFOPLIST_KEY_UISupportedInterfaceOrientations_iPhone = "UIInterfaceOrientationPortrait UIInterfaceOrientationLandscapeLeft UIInterfaceOrientationLandscapeRight";
				LD_RUNPATH_SEARCH_PATHS = (
					"$(inherited)",
					"@executable_path/Frameworks",
				);
				MARKETING_VERSION = 1.0;
				PRODUCT_BUNDLE_IDENTIFIER = com.karasu.Karasu;
				PRODUCT_NAME = "$(TARGET_NAME)";
				SWIFT_EMIT_LOC_STRINGS = YES;
				SWIFT_VERSION = 5.0;
				TARGETED_DEVICE_FAMILY = "1,2";
			};
			name = Debug;
		};
		94F7E4B12C67BDDA0012F2AD /* Release */ = {
			isa = XCBuildConfiguration;
			buildSettings = {
				ASSETCATALOG_COMPILER_APPICON_NAME = AppIcon;
				ASSETCATALOG_COMPILER_GLOBAL_ACCENT_COLOR_NAME = AccentColor;
				CODE_SIGN_STYLE = Automatic;
				CURRENT_PROJECT_VERSION = 1;
				DEVELOPMENT_ASSET_PATHS = "\"Karasu/Preview Content\"";
				ENABLE_PREVIEWS = YES;
				GENERATE_INFOPLIST_FILE = YES;
				INFOPLIST_KEY_UIApplicationSceneManifest_Generation = YES;
				INFOPLIST_KEY_UIApplicationSupportsIndirectInputEvents = YES;
				INFOPLIST_KEY_UILaunchScreen_Generation = YES;
				INFOPLIST_KEY_UISupportedInterfaceOrientations_iPad = "UIInterfaceOrientationPortrait UIInterfaceOrientationPortraitUpsideDown UIInterfaceOrientationLandscapeLeft UIInterfaceOrientationLandscapeRight";
				INFOPLIST_KEY_UISupportedInterfaceOrientations_iPhone = "UIInterfaceOrientationPortrait UIInterfaceOrientationLandscapeLeft UIInterfaceOrientationLandscapeRight";
				LD_RUNPATH_SEARCH_PATHS = (
					"$(inherited)",
					"@executable_path/Frameworks",
				);
				MARKETING_VERSION = 1.0;
				PRODUCT_BUNDLE_IDENTIFIER = com.karasu.Karasu;
				PRODUCT_NAME = "$(TARGET_NAME)";
				SWIFT_EMIT_LOC_STRINGS = YES;
				SWIFT_VERSION = 5.0;
				TARGETED_DEVICE_FAMILY = "1,2";
			};
			name = Release;
		};
		94F7E4B32C67BDDA0012F2AD /* Debug */ = {
			isa = XCBuildConfiguration;
			buildSettings = {
				ALWAYS_EMBED_SWIFT_STANDARD_LIBRARIES = YES;
				BUNDLE_LOADER = "$(TEST_HOST)";
				CODE_SIGN_STYLE = Automatic;
				CURRENT_PROJECT_VERSION = 1;
				GENERATE_INFOPLIST_FILE = YES;
				IPHONEOS_DEPLOYMENT_TARGET = 17.5;
				MARKETING_VERSION = 1.0;
				PRODUCT_BUNDLE_IDENTIFIER = com.karasu.KarasuTests;
				PRODUCT_NAME = "$(TARGET_NAME)";
				SWIFT_EMIT_LOC_STRINGS = NO;
				SWIFT_VERSION = 5.0;
				TARGETED_DEVICE_FAMILY = "1,2";
				TEST_HOST = "$(BUILT_PRODUCTS_DIR)/Karasu.app/$(BUNDLE_EXECUTABLE_FOLDER_PATH)/Karasu";
			};
			name = Debug;
		};
		94F7E4B42C67BDDA0012F2AD /* Release */ = {
			isa = XCBuildConfiguration;
			buildSettings = {
				ALWAYS_EMBED_SWIFT_STANDARD_LIBRARIES = YES;
				BUNDLE_LOADER = "$(TEST_HOST)";
				CODE_SIGN_STYLE = Automatic;
				CURRENT_PROJECT_VERSION = 1;
				GENERATE_INFOPLIST_FILE = YES;
				IPHONEOS_DEPLOYMENT_TARGET = 17.5;
				MARKETING_VERSION = 1.0;
				PRODUCT_BUNDLE_IDENTIFIER = com.karasu.KarasuTests;
				PRODUCT_NAME = "$(TARGET_NAME)";
				SWIFT_EMIT_LOC_STRINGS = NO;
				SWIFT_VERSION = 5.0;
				TARGETED_DEVICE_FAMILY = "1,2";
				TEST_HOST = "$(BUILT_PRODUCTS_DIR)/Karasu.app/$(BUNDLE_EXECUTABLE_FOLDER_PATH)/Karasu";
			};
			name = Release;
		};
		94F7E4B62C67BDDA0012F2AD /* Debug */ = {
			isa = XCBuildConfiguration;
			buildSettings = {
				ALWAYS_EMBED_SWIFT_STANDARD_LIBRARIES = YES;
				CODE_SIGN_STYLE = Automatic;
				CURRENT_PROJECT_VERSION = 1;
				GENERATE_INFOPLIST_FILE = YES;
				MARKETING_VERSION = 1.0;
				PRODUCT_BUNDLE_IDENTIFIER = com.karasu.KarasuUITests;
				PRODUCT_NAME = "$(TARGET_NAME)";
				SWIFT_EMIT_LOC_STRINGS = NO;
				SWIFT_VERSION = 5.0;
				TARGETED_DEVICE_FAMILY = "1,2";
				TEST_TARGET_NAME = Karasu;
			};
			name = Debug;
		};
		94F7E4B72C67BDDA0012F2AD /* Release */ = {
			isa = XCBuildConfiguration;
			buildSettings = {
				ALWAYS_EMBED_SWIFT_STANDARD_LIBRARIES = YES;
				CODE_SIGN_STYLE = Automatic;
				CURRENT_PROJECT_VERSION = 1;
				GENERATE_INFOPLIST_FILE = YES;
				MARKETING_VERSION = 1.0;
				PRODUCT_BUNDLE_IDENTIFIER = com.karasu.KarasuUITests;
				PRODUCT_NAME = "$(TARGET_NAME)";
				SWIFT_EMIT_LOC_STRINGS = NO;
				SWIFT_VERSION = 5.0;
				TARGETED_DEVICE_FAMILY = "1,2";
				TEST_TARGET_NAME = Karasu;
			};
			name = Release;
		};
/* End XCBuildConfiguration section */

/* Begin XCConfigurationList section */
		94F7E4842C67BDD80012F2AD /* Build configuration list for PBXProject "Karasu" */ = {
			isa = XCConfigurationList;
			buildConfigurations = (
				94F7E4AD2C67BDDA0012F2AD /* Debug */,
				94F7E4AE2C67BDDA0012F2AD /* Release */,
			);
			defaultConfigurationIsVisible = 0;
			defaultConfigurationName = Release;
		};
		94F7E4AF2C67BDDA0012F2AD /* Build configuration list for PBXNativeTarget "Karasu" */ = {
			isa = XCConfigurationList;
			buildConfigurations = (
				94F7E4B02C67BDDA0012F2AD /* Debug */,
				94F7E4B12C67BDDA0012F2AD /* Release */,
			);
			defaultConfigurationIsVisible = 0;
			defaultConfigurationName = Release;
		};
		94F7E4B22C67BDDA0012F2AD /* Build configuration list for PBXNativeTarget "KarasuTests" */ = {
			isa = XCConfigurationList;
			buildConfigurations = (
				94F7E4B32C67BDDA0012F2AD /* Debug */,
				94F7E4B42C67BDDA0012F2AD /* Release */,
			);
			defaultConfigurationIsVisible = 0;
			defaultConfigurationName = Release;
		};
		94F7E4B52C67BDDA0012F2AD /* Build configuration list for PBXNativeTarget "KarasuUITests" */ = {
			isa = XCConfigurationList;
			buildConfigurations = (
				94F7E4B62C67BDDA0012F2AD /* Debug */,
				94F7E4B72C67BDDA0012F2AD /* Release */,
			);
			defaultConfigurationIsVisible = 0;
			defaultConfigurationName = Release;
		};
/* End XCConfigurationList section */
	};
	rootObject = 94F7E4812C67BDD80012F2AD /* Project object */;
}
